
Microsoft Visual Studio Solution File, Format Version 12.00
# Visual Studio Version 17
VisualStudioVersion = 17.13.35931.197 d17.13
MinimumVisualStudioVersion = 10.0.40219.1
Project("{FAE04EC0-301F-11D3-BF4B-00C04F79EFBC}") = "VehiclePriceCalculator", "VehiclePriceCalculator.csproj", "{76BC814C-925B-EF32-4C10-082FA4477295}"
EndProject
Global
	GlobalSection(SolutionConfigurationPlatforms) = preSolution
		Debug|Any CPU = Debug|Any CPU
		Release|Any CPU = Release|Any CPU
	EndGlobalSection
	GlobalSection(ProjectConfigurationPlatforms) = postSolution
		{76BC814C-925B-EF32-4C10-082FA4477295}.Debug|Any CPU.ActiveCfg = Debug|Any CPU
		{76BC814C-925B-EF32-4C10-082FA4477295}.Debug|Any CPU.Build.0 = Debug|Any CPU
		{76BC814C-925B-EF32-4C10-082FA4477295}.Release|Any CPU.ActiveCfg = Release|Any CPU
		{76BC814C-925B-EF32-4C10-082FA4477295}.Release|Any CPU.Build.0 = Release|Any CPU
	EndGlobalSection
	GlobalSection(SolutionProperties) = preSolution
		HideSolutionNode = FALSE
	EndGlobalSection
	GlobalSection(ExtensibilityGlobals) = postSolution
		SolutionGuid = {362E8D79-25BF-4E67-95E1-16AE276C29C4}
	EndGlobalSection
EndGlobal
